
Microsoft Visual Studio Solution File, Format Version 12.00
# Visual Studio Version 16
VisualStudioVersion = 16.0.31605.320
MinimumVisualStudioVersion = 10.0.40219.1
Project("{8BC9CEB8-8B4A-11D0-8D11-00A0C91BC942}") = "第七章 类", "第七章 类\第七章 类.vcxproj", "{0CC5B0AE-DB57-42ED-A447-162E370C2339}"
EndProject
Global
	GlobalSection(SolutionConfigurationPlatforms) = preSolution
		Debug|x64 = Debug|x64
		Debug|x86 = Debug|x86
		Release|x64 = Release|x64
		Release|x86 = Release|x86
	EndGlobalSection
	GlobalSection(ProjectConfigurationPlatforms) = postSolution
		{0CC5B0AE-DB57-42ED-A447-162E370C2339}.Debug|x64.ActiveCfg = Debug|x64
		{0CC5B0AE-DB57-42ED-A447-162E370C2339}.Debug|x64.Build.0 = Debug|x64
		{0CC5B0AE-DB57-42ED-A447-162E370C2339}.Debug|x86.ActiveCfg = Debug|Win32
		{0CC5B0AE-DB57-42ED-A447-162E370C2339}.Debug|x86.Build.0 = Debug|Win32
		{0CC5B0AE-DB57-42ED-A447-162E370C2339}.Release|x64.ActiveCfg = Release|x64
		{0CC5B0AE-DB57-42ED-A447-162E370C2339}.Release|x64.Build.0 = Release|x64
		{0CC5B0AE-DB57-42ED-A447-162E370C2339}.Release|x86.ActiveCfg = Release|Win32
		{0CC5B0AE-DB57-42ED-A447-162E370C2339}.Release|x86.Build.0 = Release|Win32
	EndGlobalSection
	GlobalSection(SolutionProperties) = preSolution
		HideSolutionNode = FALSE
	EndGlobalSection
	GlobalSection(ExtensibilityGlobals) = postSolution
		SolutionGuid = {EB490709-9211-4444-9B3E-385A531D5C1B}
	EndGlobalSection
EndGlobal
