
Microsoft Visual Studio Solution File, Format Version 12.00
# Visual Studio Version 16
VisualStudioVersion = 16.0.31605.320
MinimumVisualStudioVersion = 10.0.40219.1
Project("{8BC9CEB8-8B4A-11D0-8D11-00A0C91BC942}") = "第二章 变量和基本类型", "第二章 变量和基本类型\第二章 变量和基本类型.vcxproj", "{E27DC714-1046-4F8D-966F-16A8718827B3}"
EndProject
Global
	GlobalSection(SolutionConfigurationPlatforms) = preSolution
		Debug|x64 = Debug|x64
		Debug|x86 = Debug|x86
		Release|x64 = Release|x64
		Release|x86 = Release|x86
	EndGlobalSection
	GlobalSection(ProjectConfigurationPlatforms) = postSolution
		{E27DC714-1046-4F8D-966F-16A8718827B3}.Debug|x64.ActiveCfg = Debug|x64
		{E27DC714-1046-4F8D-966F-16A8718827B3}.Debug|x64.Build.0 = Debug|x64
		{E27DC714-1046-4F8D-966F-16A8718827B3}.Debug|x86.ActiveCfg = Debug|Win32
		{E27DC714-1046-4F8D-966F-16A8718827B3}.Debug|x86.Build.0 = Debug|Win32
		{E27DC714-1046-4F8D-966F-16A8718827B3}.Release|x64.ActiveCfg = Release|x64
		{E27DC714-1046-4F8D-966F-16A8718827B3}.Release|x64.Build.0 = Release|x64
		{E27DC714-1046-4F8D-966F-16A8718827B3}.Release|x86.ActiveCfg = Release|Win32
		{E27DC714-1046-4F8D-966F-16A8718827B3}.Release|x86.Build.0 = Release|Win32
	EndGlobalSection
	GlobalSection(SolutionProperties) = preSolution
		HideSolutionNode = FALSE
	EndGlobalSection
	GlobalSection(ExtensibilityGlobals) = postSolution
		SolutionGuid = {E9D6D028-7DAC-4BC7-B23B-B4C3A4130234}
	EndGlobalSection
EndGlobal
